// !$*UTF8*$!
{
	archiveVersion = 1;
	classes = {
	};
	objectVersion = 55;
	objects = {

/* Begin PBXBuildFile section */
		7669D8D028863FBA00121F85 /* AppDelegate.swift in Sources */ = {isa = PBXBuildFile; fileRef = 7669D8CF28863FBA00121F85 /* AppDelegate.swift */; };
		7669D8D228863FBA00121F85 /* SceneDelegate.swift in Sources */ = {isa = PBXBuildFile; fileRef = 7669D8D128863FBA00121F85 /* SceneDelegate.swift */; };
		7669D8D728863FBA00121F85 /* Main.storyboard in Resources */ = {isa = PBXBuildFile; fileRef = 7669D8D528863FBA00121F85 /* Main.storyboard */; };
		7669D8DA28863FBA00121F85 /* NightHackTodo.xcdatamodeld in Sources */ = {isa = PBXBuildFile; fileRef = 7669D8D828863FBA00121F85 /* NightHackTodo.xcdatamodeld */; };
		7669D8DC28863FBD00121F85 /* Assets.xcassets in Resources */ = {isa = PBXBuildFile; fileRef = 7669D8DB28863FBD00121F85 /* Assets.xcassets */; };
		7669D8DF28863FBD00121F85 /* LaunchScreen.storyboard in Resources */ = {isa = PBXBuildFile; fileRef = 7669D8DD28863FBD00121F85 /* LaunchScreen.storyboard */; };
		7669D8EA28863FBE00121F85 /* NightHackTodoTests.swift in Sources */ = {isa = PBXBuildFile; fileRef = 7669D8E928863FBE00121F85 /* NightHackTodoTests.swift */; };
		7669D8F428863FBE00121F85 /* NightHackTodoUITests.swift in Sources */ = {isa = PBXBuildFile; fileRef = 7669D8F328863FBE00121F85 /* NightHackTodoUITests.swift */; };
		7669D8F628863FBE00121F85 /* NightHackTodoUITestsLaunchTests.swift in Sources */ = {isa = PBXBuildFile; fileRef = 7669D8F528863FBE00121F85 /* NightHackTodoUITestsLaunchTests.swift */; };
		7669D90528864EF100121F85 /* ToDo.swift in Sources */ = {isa = PBXBuildFile; fileRef = 7669D90428864EF100121F85 /* ToDo.swift */; };
		769258142886EB9C00B8B13A /* ToDoTableViewController.swift in Sources */ = {isa = PBXBuildFile; fileRef = 769258132886EB9C00B8B13A /* ToDoTableViewController.swift */; };
/* End PBXBuildFile section */

/* Begin PBXContainerItemProxy section */
		7669D8E628863FBE00121F85 /* PBXContainerItemProxy */ = {
			isa = PBXContainerItemProxy;
			containerPortal = 7669D8C428863FBA00121F85 /* Project object */;
			proxyType = 1;
			remoteGlobalIDString = 7669D8CB28863FBA00121F85;
			remoteInfo = NightHackTodo;
		};
		7669D8F028863FBE00121F85 /* PBXContainerItemProxy */ = {
			isa = PBXContainerItemProxy;
			containerPortal = 7669D8C428863FBA00121F85 /* Project object */;
			proxyType = 1;
			remoteGlobalIDString = 7669D8CB28863FBA00121F85;
			remoteInfo = NightHackTodo;
		};
/* End PBXContainerItemProxy section */

/* Begin PBXFileReference section */
		7669D8CC28863FBA00121F85 /* NightHackTodo.app */ = {isa = PBXFileReference; explicitFileType = wrapper.application; includeInIndex = 0; path = NightHackTodo.app; sourceTree = BUILT_PRODUCTS_DIR; };
		7669D8CF28863FBA00121F85 /* AppDelegate.swift */ = {isa = PBXFileReference; lastKnownFileType = sourcecode.swift; path = AppDelegate.swift; sourceTree = "<group>"; };
		7669D8D128863FBA00121F85 /* SceneDelegate.swift */ = {isa = PBXFileReference; lastKnownFileType = sourcecode.swift; path = SceneDelegate.swift; sourceTree = "<group>"; };
		7669D8D628863FBA00121F85 /* Base */ = {isa = PBXFileReference; lastKnownFileType = file.storyboard; name = Base; path = Base.lproj/Main.storyboard; sourceTree = "<group>"; };
		7669D8D928863FBA00121F85 /* NightHackTodo.xcdatamodel */ = {isa = PBXFileReference; lastKnownFileType = wrapper.xcdatamodel; path = NightHackTodo.xcdatamodel; sourceTree = "<group>"; };
		7669D8DB28863FBD00121F85 /* Assets.xcassets */ = {isa = PBXFileReference; lastKnownFileType = folder.assetcatalog; path = Assets.xcassets; sourceTree = "<group>"; };
		7669D8DE28863FBD00121F85 /* Base */ = {isa = PBXFileReference; lastKnownFileType = file.storyboard; name = Base; path = Base.lproj/LaunchScreen.storyboard; sourceTree = "<group>"; };
		7669D8E028863FBD00121F85 /* Info.plist */ = {isa = PBXFileReference; lastKnownFileType = text.plist.xml; path = Info.plist; sourceTree = "<group>"; };
		7669D8E528863FBE00121F85 /* NightHackTodoTests.xctest */ = {isa = PBXFileReference; explicitFileType = wrapper.cfbundle; includeInIndex = 0; path = NightHackTodoTests.xctest; sourceTree = BUILT_PRODUCTS_DIR; };
		7669D8E928863FBE00121F85 /* NightHackTodoTests.swift */ = {isa = PBXFileReference; lastKnownFileType = sourcecode.swift; path = NightHackTodoTests.swift; sourceTree = "<group>"; };
		7669D8EF28863FBE00121F85 /* NightHackTodoUITests.xctest */ = {isa = PBXFileReference; explicitFileType = wrapper.cfbundle; includeInIndex = 0; path = NightHackTodoUITests.xctest; sourceTree = BUILT_PRODUCTS_DIR; };
		7669D8F328863FBE00121F85 /* NightHackTodoUITests.swift */ = {isa = PBXFileReference; lastKnownFileType = sourcecode.swift; path = NightHackTodoUITests.swift; sourceTree = "<group>"; };
		7669D8F528863FBE00121F85 /* NightHackTodoUITestsLaunchTests.swift */ = {isa = PBXFileReference; lastKnownFileType = sourcecode.swift; path = NightHackTodoUITestsLaunchTests.swift; sourceTree = "<group>"; };
		7669D90428864EF100121F85 /* ToDo.swift */ = {isa = PBXFileReference; lastKnownFileType = sourcecode.swift; path = ToDo.swift; sourceTree = "<group>"; };
		769258132886EB9C00B8B13A /* ToDoTableViewController.swift */ = {isa = PBXFileReference; lastKnownFileType = sourcecode.swift; path = ToDoTableViewController.swift; sourceTree = "<group>"; };
/* End PBXFileReference section */

/* Begin PBXFrameworksBuildPhase section */
		7669D8C928863FBA00121F85 /* Frameworks */ = {
			isa = PBXFrameworksBuildPhase;
			buildActionMask = 2147483647;
			files = (
			);
			runOnlyForDeploymentPostprocessing = 0;
		};
		7669D8E228863FBE00121F85 /* Frameworks */ = {
			isa = PBXFrameworksBuildPhase;
			buildActionMask = 2147483647;
			files = (
			);
			runOnlyForDeploymentPostprocessing = 0;
		};
		7669D8EC28863FBE00121F85 /* Frameworks */ = {
			isa = PBXFrameworksBuildPhase;
			buildActionMask = 2147483647;
			files = (
			);
			runOnlyForDeploymentPostprocessing = 0;
		};
/* End PBXFrameworksBuildPhase section */

/* Begin PBXGroup section */
		7669D8C328863FBA00121F85 = {
			isa = PBXGroup;
			children = (
				7669D8CE28863FBA00121F85 /* NightHackTodo */,
				7669D8E828863FBE00121F85 /* NightHackTodoTests */,
				7669D8F228863FBE00121F85 /* NightHackTodoUITests */,
				7669D8CD28863FBA00121F85 /* Products */,
			);
			sourceTree = "<group>";
		};
		7669D8CD28863FBA00121F85 /* Products */ = {
			isa = PBXGroup;
			children = (
				7669D8CC28863FBA00121F85 /* NightHackTodo.app */,
				7669D8E528863FBE00121F85 /* NightHackTodoTests.xctest */,
				7669D8EF28863FBE00121F85 /* NightHackTodoUITests.xctest */,
			);
			name = Products;
			sourceTree = "<group>";
		};
		7669D8CE28863FBA00121F85 /* NightHackTodo */ = {
			isa = PBXGroup;
			children = (
				7669D8CF28863FBA00121F85 /* AppDelegate.swift */,
				7669D8D128863FBA00121F85 /* SceneDelegate.swift */,
				7669D90428864EF100121F85 /* ToDo.swift */,
				769258132886EB9C00B8B13A /* ToDoTableViewController.swift */,
				7669D8D528863FBA00121F85 /* Main.storyboard */,
				7669D8DB28863FBD00121F85 /* Assets.xcassets */,
				7669D8DD28863FBD00121F85 /* LaunchScreen.storyboard */,
				7669D8E028863FBD00121F85 /* Info.plist */,
				7669D8D828863FBA00121F85 /* NightHackTodo.xcdatamodeld */,
			);
			path = NightHackTodo;
			sourceTree = "<group>";
		};
		7669D8E828863FBE00121F85 /* NightHackTodoTests */ = {
			isa = PBXGroup;
			children = (
				7669D8E928863FBE00121F85 /* NightHackTodoTests.swift */,
			);
			path = NightHackTodoTests;
			sourceTree = "<group>";
		};
		7669D8F228863FBE00121F85 /* NightHackTodoUITests */ = {
			isa = PBXGroup;
			children = (
				7669D8F328863FBE00121F85 /* NightHackTodoUITests.swift */,
				7669D8F528863FBE00121F85 /* NightHackTodoUITestsLaunchTests.swift */,
			);
			path = NightHackTodoUITests;
			sourceTree = "<group>";
		};
/* End PBXGroup section */

/* Begin PBXNativeTarget section */
		7669D8CB28863FBA00121F85 /* NightHackTodo */ = {
			isa = PBXNativeTarget;
			buildConfigurationList = 7669D8F928863FBE00121F85 /* Build configuration list for PBXNativeTarget "NightHackTodo" */;
			buildPhases = (
				7669D8C828863FBA00121F85 /* Sources */,
				7669D8C928863FBA00121F85 /* Frameworks */,
				7669D8CA28863FBA00121F85 /* Resources */,
			);
			buildRules = (
			);
			dependencies = (
			);
			name = NightHackTodo;
			productName = NightHackTodo;
			productReference = 7669D8CC28863FBA00121F85 /* NightHackTodo.app */;
			productType = "com.apple.product-type.application";
		};
		7669D8E428863FBE00121F85 /* NightHackTodoTests */ = {
			isa = PBXNativeTarget;
			buildConfigurationList = 7669D8FC28863FBE00121F85 /* Build configuration list for PBXNativeTarget "NightHackTodoTests" */;
			buildPhases = (
				7669D8E128863FBE00121F85 /* Sources */,
				7669D8E228863FBE00121F85 /* Frameworks */,
				7669D8E328863FBE00121F85 /* Resources */,
			);
			buildRules = (
			);
			dependencies = (
				7669D8E728863FBE00121F85 /* PBXTargetDependency */,
			);
			name = NightHackTodoTests;
			productName = NightHackTodoTests;
			productReference = 7669D8E528863FBE00121F85 /* NightHackTodoTests.xctest */;
			productType = "com.apple.product-type.bundle.unit-test";
		};
		7669D8EE28863FBE00121F85 /* NightHackTodoUITests */ = {
			isa = PBXNativeTarget;
			buildConfigurationList = 7669D8FF28863FBE00121F85 /* Build configuration list for PBXNativeTarget "NightHackTodoUITests" */;
			buildPhases = (
				7669D8EB28863FBE00121F85 /* Sources */,
				7669D8EC28863FBE00121F85 /* Frameworks */,
				7669D8ED28863FBE00121F85 /* Resources */,
			);
			buildRules = (
			);
			dependencies = (
				7669D8F128863FBE00121F85 /* PBXTargetDependency */,
			);
			name = NightHackTodoUITests;
			productName = NightHackTodoUITests;
			productReference = 7669D8EF28863FBE00121F85 /* NightHackTodoUITests.xctest */;
			productType = "com.apple.product-type.bundle.ui-testing";
		};
/* End PBXNativeTarget section */

/* Begin PBXProject section */
		7669D8C428863FBA00121F85 /* Project object */ = {
			isa = PBXProject;
			attributes = {
				BuildIndependentTargetsInParallel = 1;
				LastSwiftUpdateCheck = 1340;
				LastUpgradeCheck = 1340;
				TargetAttributes = {
					7669D8CB28863FBA00121F85 = {
						CreatedOnToolsVersion = 13.4.1;
					};
					7669D8E428863FBE00121F85 = {
						CreatedOnToolsVersion = 13.4.1;
						TestTargetID = 7669D8CB28863FBA00121F85;
					};
					7669D8EE28863FBE00121F85 = {
						CreatedOnToolsVersion = 13.4.1;
						TestTargetID = 7669D8CB28863FBA00121F85;
					};
				};
			};
			buildConfigurationList = 7669D8C728863FBA00121F85 /* Build configuration list for PBXProject "NightHackTodo" */;
			compatibilityVersion = "Xcode 13.0";
			developmentRegion = en;
			hasScannedForEncodings = 0;
			knownRegions = (
				en,
				Base,
			);
			mainGroup = 7669D8C328863FBA00121F85;
			productRefGroup = 7669D8CD28863FBA00121F85 /* Products */;
			projectDirPath = "";
			projectRoot = "";
			targets = (
				7669D8CB28863FBA00121F85 /* NightHackTodo */,
				7669D8E428863FBE00121F85 /* NightHackTodoTests */,
				7669D8EE28863FBE00121F85 /* NightHackTodoUITests */,
			);
		};
/* End PBXProject section */

/* Begin PBXResourcesBuildPhase section */
		7669D8CA28863FBA00121F85 /* Resources */ = {
			isa = PBXResourcesBuildPhase;
			buildActionMask = 2147483647;
			files = (
				7669D8DF28863FBD00121F85 /* LaunchScreen.storyboard in Resources */,
				7669D8DC28863FBD00121F85 /* Assets.xcassets in Resources */,
				7669D8D728863FBA00121F85 /* Main.storyboard in Resources */,
			);
			runOnlyForDeploymentPostprocessing = 0;
		};
		7669D8E328863FBE00121F85 /* Resources */ = {
			isa = PBXResourcesBuildPhase;
			buildActionMask = 2147483647;
			files = (
			);
			runOnlyForDeploymentPostprocessing = 0;
		};
		7669D8ED28863FBE00121F85 /* Resources */ = {
			isa = PBXResourcesBuildPhase;
			buildActionMask = 2147483647;
			files = (
			);
			runOnlyForDeploymentPostprocessing = 0;
		};
/* End PBXResourcesBuildPhase section */

/* Begin PBXSourcesBuildPhase section */
		7669D8C828863FBA00121F85 /* Sources */ = {
			isa = PBXSourcesBuildPhase;
			buildActionMask = 2147483647;
			files = (
				7669D90528864EF100121F85 /* ToDo.swift in Sources */,
				7669D8DA28863FBA00121F85 /* NightHackTodo.xcdatamodeld in Sources */,
				7669D8D028863FBA00121F85 /* AppDelegate.swift in Sources */,
				7669D8D228863FBA00121F85 /* SceneDelegate.swift in Sources */,
				769258142886EB9C00B8B13A /* ToDoTableViewController.swift in Sources */,
			);
			runOnlyForDeploymentPostprocessing = 0;
		};
		7669D8E128863FBE00121F85 /* Sources */ = {
			isa = PBXSourcesBuildPhase;
			buildActionMask = 2147483647;
			files = (
				7669D8EA28863FBE00121F85 /* NightHackTodoTests.swift in Sources */,
			);
			runOnlyForDeploymentPostprocessing = 0;
		};
		7669D8EB28863FBE00121F85 /* Sources */ = {
			isa = PBXSourcesBuildPhase;
			buildActionMask = 2147483647;
			files = (
				7669D8F628863FBE00121F85 /* NightHackTodoUITestsLaunchTests.swift in Sources */,
				7669D8F428863FBE00121F85 /* NightHackTodoUITests.swift in Sources */,
			);
			runOnlyForDeploymentPostprocessing = 0;
		};
/* End PBXSourcesBuildPhase section */

/* Begin PBXTargetDependency section */
		7669D8E728863FBE00121F85 /* PBXTargetDependency */ = {
			isa = PBXTargetDependency;
			target = 7669D8CB28863FBA00121F85 /* NightHackTodo */;
			targetProxy = 7669D8E628863FBE00121F85 /* PBXContainerItemProxy */;
		};
		7669D8F128863FBE00121F85 /* PBXTargetDependency */ = {
			isa = PBXTargetDependency;
			target = 7669D8CB28863FBA00121F85 /* NightHackTodo */;
			targetProxy = 7669D8F028863FBE00121F85 /* PBXContainerItemProxy */;
		};
/* End PBXTargetDependency section */

/* Begin PBXVariantGroup section */
		7669D8D528863FBA00121F85 /* Main.storyboard */ = {
			isa = PBXVariantGroup;
			children = (
				7669D8D628863FBA00121F85 /* Base */,
			);
			name = Main.storyboard;
			sourceTree = "<group>";
		};
		7669D8DD28863FBD00121F85 /* LaunchScreen.storyboard */ = {
			isa = PBXVariantGroup;
			children = (
				7669D8DE28863FBD00121F85 /* Base */,
			);
			name = LaunchScreen.storyboard;
			sourceTree = "<group>";
		};
/* End PBXVariantGroup section */

/* Begin XCBuildConfiguration section */
		7669D8F728863FBE00121F85 /* Debug */ = {
			isa = XCBuildConfiguration;
			buildSettings = {
				ALWAYS_SEARCH_USER_PATHS = NO;
				CLANG_ANALYZER_NONNULL = YES;
				CLANG_ANALYZER_NUMBER_OBJECT_CONVERSION = YES_AGGRESSIVE;
				CLANG_CXX_LANGUAGE_STANDARD = "gnu++17";
				CLANG_ENABLE_MODULES = YES;
				CLANG_ENABLE_OBJC_ARC = YES;
				CLANG_ENABLE_OBJC_WEAK = YES;
				CLANG_WARN_BLOCK_CAPTURE_AUTORELEASING = YES;
				CLANG_WARN_BOOL_CONVERSION = YES;
				CLANG_WARN_COMMA = YES;
				CLANG_WARN_CONSTANT_CONVERSION = YES;
				CLANG_WARN_DEPRECATED_OBJC_IMPLEMENTATIONS = YES;
				CLANG_WARN_DIRECT_OBJC_ISA_USAGE = YES_ERROR;
				CLANG_WARN_DOCUMENTATION_COMMENTS = YES;
				CLANG_WARN_EMPTY_BODY = YES;
				CLANG_WARN_ENUM_CONVERSION = YES;
				CLANG_WARN_INFINITE_RECURSION = YES;
				CLANG_WARN_INT_CONVERSION = YES;
				CLANG_WARN_NON_LITERAL_NULL_CONVERSION = YES;
				CLANG_WARN_OBJC_IMPLICIT_RETAIN_SELF = YES;
				CLANG_WARN_OBJC_LITERAL_CONVERSION = YES;
				CLANG_WARN_OBJC_ROOT_CLASS = YES_ERROR;
				CLANG_WARN_QUOTED_INCLUDE_IN_FRAMEWORK_HEADER = YES;
				CLANG_WARN_RANGE_LOOP_ANALYSIS = YES;
				CLANG_WARN_STRICT_PROTOTYPES = YES;
				CLANG_WARN_SUSPICIOUS_MOVE = YES;
				CLANG_WARN_UNGUARDED_AVAILABILITY = YES_AGGRESSIVE;
				CLANG_WARN_UNREACHABLE_CODE = YES;
				CLANG_WARN__DUPLICATE_METHOD_MATCH = YES;
				COPY_PHASE_STRIP = NO;
				DEBUG_INFORMATION_FORMAT = dwarf;
				ENABLE_STRICT_OBJC_MSGSEND = YES;
				ENABLE_TESTABILITY = YES;
				GCC_C_LANGUAGE_STANDARD = gnu11;
				GCC_DYNAMIC_NO_PIC = NO;
				GCC_NO_COMMON_BLOCKS = YES;
				GCC_OPTIMIZATION_LEVEL = 0;
				GCC_PREPROCESSOR_DEFINITIONS = (
					"DEBUG=1",
					"$(inherited)",
				);
				GCC_WARN_64_TO_32_BIT_CONVERSION = YES;
				GCC_WARN_ABOUT_RETURN_TYPE = YES_ERROR;
				GCC_WARN_UNDECLARED_SELECTOR = YES;
				GCC_WARN_UNINITIALIZED_AUTOS = YES_AGGRESSIVE;
				GCC_WARN_UNUSED_FUNCTION = YES;
				GCC_WARN_UNUSED_VARIABLE = YES;
				IPHONEOS_DEPLOYMENT_TARGET = 15.5;
				MTL_ENABLE_DEBUG_INFO = INCLUDE_SOURCE;
				MTL_FAST_MATH = YES;
				ONLY_ACTIVE_ARCH = YES;
				SDKROOT = iphoneos;
				SWIFT_ACTIVE_COMPILATION_CONDITIONS = DEBUG;
				SWIFT_OPTIMIZATION_LEVEL = "-Onone";
			};
			name = Debug;
		};
		7669D8F828863FBE00121F85 /* Release */ = {
			isa = XCBuildConfiguration;
			buildSettings = {
				ALWAYS_SEARCH_USER_PATHS = NO;
				CLANG_ANALYZER_NONNULL = YES;
				CLANG_ANALYZER_NUMBER_OBJECT_CONVERSION = YES_AGGRESSIVE;
				CLANG_CXX_LANGUAGE_STANDARD = "gnu++17";
				CLANG_ENABLE_MODULES = YES;
				CLANG_ENABLE_OBJC_ARC = YES;
				CLANG_ENABLE_OBJC_WEAK = YES;
				CLANG_WARN_BLOCK_CAPTURE_AUTORELEASING = YES;
				CLANG_WARN_BOOL_CONVERSION = YES;
				CLANG_WARN_COMMA = YES;
				CLANG_WARN_CONSTANT_CONVERSION = YES;
				CLANG_WARN_DEPRECATED_OBJC_IMPLEMENTATIONS = YES;
				CLANG_WARN_DIRECT_OBJC_ISA_USAGE = YES_ERROR;
				CLANG_WARN_DOCUMENTATION_COMMENTS = YES;
				CLANG_WARN_EMPTY_BODY = YES;
				CLANG_WARN_ENUM_CONVERSION = YES;
				CLANG_WARN_INFINITE_RECURSION = YES;
				CLANG_WARN_INT_CONVERSION = YES;
				CLANG_WARN_NON_LITERAL_NULL_CONVERSION = YES;
				CLANG_WARN_OBJC_IMPLICIT_RETAIN_SELF = YES;
				CLANG_WARN_OBJC_LITERAL_CONVERSION = YES;
				CLANG_WARN_OBJC_ROOT_CLASS = YES_ERROR;
				CLANG_WARN_QUOTED_INCLUDE_IN_FRAMEWORK_HEADER = YES;
				CLANG_WARN_RANGE_LOOP_ANALYSIS = YES;
				CLANG_WARN_STRICT_PROTOTYPES = YES;
				CLANG_WARN_SUSPICIOUS_MOVE = YES;
				CLANG_WARN_UNGUARDED_AVAILABILITY = YES_AGGRESSIVE;
				CLANG_WARN_UNREACHABLE_CODE = YES;
				CLANG_WARN__DUPLICATE_METHOD_MATCH = YES;
				COPY_PHASE_STRIP = NO;
				DEBUG_INFORMATION_FORMAT = "dwarf-with-dsym";
				ENABLE_NS_ASSERTIONS = NO;
				ENABLE_STRICT_OBJC_MSGSEND = YES;
				GCC_C_LANGUAGE_STANDARD = gnu11;
				GCC_NO_COMMON_BLOCKS = YES;
				GCC_WARN_64_TO_32_BIT_CONVERSION = YES;
				GCC_WARN_ABOUT_RETURN_TYPE = YES_ERROR;
				GCC_WARN_UNDECLARED_SELECTOR = YES;
				GCC_WARN_UNINITIALIZED_AUTOS = YES_AGGRESSIVE;
				GCC_WARN_UNUSED_FUNCTION = YES;
				GCC_WARN_UNUSED_VARIABLE = YES;
				IPHONEOS_DEPLOYMENT_TARGET = 15.5;
				MTL_ENABLE_DEBUG_INFO = NO;
				MTL_FAST_MATH = YES;
				SDKROOT = iphoneos;
				SWIFT_COMPILATION_MODE = wholemodule;
				SWIFT_OPTIMIZATION_LEVEL = "-O";
				VALIDATE_PRODUCT = YES;
			};
			name = Release;
		};
		7669D8FA28863FBE00121F85 /* Debug */ = {
			isa = XCBuildConfiguration;
			buildSettings = {
				ASSETCATALOG_COMPILER_APPICON_NAME = AppIcon;
				ASSETCATALOG_COMPILER_GLOBAL_ACCENT_COLOR_NAME = AccentColor;
				CODE_SIGN_STYLE = Automatic;
				CURRENT_PROJECT_VERSION = 1;
				GENERATE_INFOPLIST_FILE = YES;
				INFOPLIST_FILE = NightHackTodo/Info.plist;
				INFOPLIST_KEY_UIApplicationSupportsIndirectInputEvents = YES;
				INFOPLIST_KEY_UILaunchStoryboardName = LaunchScreen;
				INFOPLIST_KEY_UIMainStoryboardFile = Main;
				INFOPLIST_KEY_UISupportedInterfaceOrientations_iPad = "UIInterfaceOrientationPortrait UIInterfaceOrientationPortraitUpsideDown UIInterfaceOrientationLandscapeLeft UIInterfaceOrientationLandscapeRight";
				INFOPLIST_KEY_UISupportedInterfaceOrientations_iPhone = "UIInterfaceOrientationPortrait UIInterfaceOrientationLandscapeLeft UIInterfaceOrientationLandscapeRight";
				LD_RUNPATH_SEARCH_PATHS = (
					"$(inherited)",
					"@executable_path/Frameworks",
				);
				MARKETING_VERSION = 1.0;
				PRODUCT_BUNDLE_IDENTIFIER = com.example.kwk.NightHackTodo;
				PRODUCT_NAME = "$(TARGET_NAME)";
				SWIFT_EMIT_LOC_STRINGS = YES;
				SWIFT_VERSION = 5.0;
				TARGETED_DEVICE_FAMILY = "1,2";
			};
			name = Debug;
		};
		7669D8FB28863FBE00121F85 /* Release */ = {
			isa = XCBuildConfiguration;
			buildSettings = {
				ASSETCATALOG_COMPILER_APPICON_NAME = AppIcon;
				ASSETCATALOG_COMPILER_GLOBAL_ACCENT_COLOR_NAME = AccentColor;
				CODE_SIGN_STYLE = Automatic;
				CURRENT_PROJECT_VERSION = 1;
				GENERATE_INFOPLIST_FILE = YES;
				INFOPLIST_FILE = NightHackTodo/Info.plist;
				INFOPLIST_KEY_UIApplicationSupportsIndirectInputEvents = YES;
				INFOPLIST_KEY_UILaunchStoryboardName = LaunchScreen;
				INFOPLIST_KEY_UIMainStoryboardFile = Main;
				INFOPLIST_KEY_UISupportedInterfaceOrientations_iPad = "UIInterfaceOrientationPortrait UIInterfaceOrientationPortraitUpsideDown UIInterfaceOrientationLandscapeLeft UIInterfaceOrientationLandscapeRight";
				INFOPLIST_KEY_UISupportedInterfaceOrientations_iPhone = "UIInterfaceOrientationPortrait UIInterfaceOrientationLandscapeLeft UIInterfaceOrientationLandscapeRight";
				LD_RUNPATH_SEARCH_PATHS = (
					"$(inherited)",
					"@executable_path/Frameworks",
				);
				MARKETING_VERSION = 1.0;
				PRODUCT_BUNDLE_IDENTIFIER = com.example.kwk.NightHackTodo;
				PRODUCT_NAME = "$(TARGET_NAME)";
				SWIFT_EMIT_LOC_STRINGS = YES;
				SWIFT_VERSION = 5.0;
				TARGETED_DEVICE_FAMILY = "1,2";
			};
			name = Release;
		};
		7669D8FD28863FBE00121F85 /* Debug */ = {
			isa = XCBuildConfiguration;
			buildSettings = {
				ALWAYS_EMBED_SWIFT_STANDARD_LIBRARIES = YES;
				BUNDLE_LOADER = "$(TEST_HOST)";
				CODE_SIGN_STYLE = Automatic;
				CURRENT_PROJECT_VERSION = 1;
				GENERATE_INFOPLIST_FILE = YES;
				IPHONEOS_DEPLOYMENT_TARGET = 15.5;
				MARKETING_VERSION = 1.0;
				PRODUCT_BUNDLE_IDENTIFIER = com.example.kwk.NightHackTodoTests;
				PRODUCT_NAME = "$(TARGET_NAME)";
				SWIFT_EMIT_LOC_STRINGS = NO;
				SWIFT_VERSION = 5.0;
				TARGETED_DEVICE_FAMILY = "1,2";
				TEST_HOST = "$(BUILT_PRODUCTS_DIR)/NightHackTodo.app/NightHackTodo";
			};
			name = Debug;
		};
		7669D8FE28863FBE00121F85 /* Release */ = {
			isa = XCBuildConfiguration;
			buildSettings = {
				ALWAYS_EMBED_SWIFT_STANDARD_LIBRARIES = YES;
				BUNDLE_LOADER = "$(TEST_HOST)";
				CODE_SIGN_STYLE = Automatic;
				CURRENT_PROJECT_VERSION = 1;
				GENERATE_INFOPLIST_FILE = YES;
				IPHONEOS_DEPLOYMENT_TARGET = 15.5;
				MARKETING_VERSION = 1.0;
				PRODUCT_BUNDLE_IDENTIFIER = com.example.kwk.NightHackTodoTests;
				PRODUCT_NAME = "$(TARGET_NAME)";
				SWIFT_EMIT_LOC_STRINGS = NO;
				SWIFT_VERSION = 5.0;
				TARGETED_DEVICE_FAMILY = "1,2";
				TEST_HOST = "$(BUILT_PRODUCTS_DIR)/NightHackTodo.app/NightHackTodo";
			};
			name = Release;
		};
		7669D90028863FBE00121F85 /* Debug */ = {
			isa = XCBuildConfiguration;
			buildSettings = {
				ALWAYS_EMBED_SWIFT_STANDARD_LIBRARIES = YES;
				CODE_SIGN_STYLE = Automatic;
				CURRENT_PROJECT_VERSION = 1;
				GENERATE_INFOPLIST_FILE = YES;
				MARKETING_VERSION = 1.0;
				PRODUCT_BUNDLE_IDENTIFIER = com.example.kwk.NightHackTodoUITests;
				PRODUCT_NAME = "$(TARGET_NAME)";
				SWIFT_EMIT_LOC_STRINGS = NO;
				SWIFT_VERSION = 5.0;
				TARGETED_DEVICE_FAMILY = "1,2";
				TEST_TARGET_NAME = NightHackTodo;
			};
			name = Debug;
		};
		7669D90128863FBE00121F85 /* Release */ = {
			isa = XCBuildConfiguration;
			buildSettings = {
				ALWAYS_EMBED_SWIFT_STANDARD_LIBRARIES = YES;
				CODE_SIGN_STYLE = Automatic;
				CURRENT_PROJECT_VERSION = 1;
				GENERATE_INFOPLIST_FILE = YES;
				MARKETING_VERSION = 1.0;
				PRODUCT_BUNDLE_IDENTIFIER = com.example.kwk.NightHackTodoUITests;
				PRODUCT_NAME = "$(TARGET_NAME)";
				SWIFT_EMIT_LOC_STRINGS = NO;
				SWIFT_VERSION = 5.0;
				TARGETED_DEVICE_FAMILY = "1,2";
				TEST_TARGET_NAME = NightHackTodo;
			};
			name = Release;
		};
/* End XCBuildConfiguration section */

/* Begin XCConfigurationList section */
		7669D8C728863FBA00121F85 /* Build configuration list for PBXProject "NightHackTodo" */ = {
			isa = XCConfigurationList;
			buildConfigurations = (
				7669D8F728863FBE00121F85 /* Debug */,
				7669D8F828863FBE00121F85 /* Release */,
			);
			defaultConfigurationIsVisible = 0;
			defaultConfigurationName = Release;
		};
		7669D8F928863FBE00121F85 /* Build configuration list for PBXNativeTarget "NightHackTodo" */ = {
			isa = XCConfigurationList;
			buildConfigurations = (
				7669D8FA28863FBE00121F85 /* Debug */,
				7669D8FB28863FBE00121F85 /* Release */,
			);
			defaultConfigurationIsVisible = 0;
			defaultConfigurationName = Release;
		};
		7669D8FC28863FBE00121F85 /* Build configuration list for PBXNativeTarget "NightHackTodoTests" */ = {
			isa = XCConfigurationList;
			buildConfigurations = (
				7669D8FD28863FBE00121F85 /* Debug */,
				7669D8FE28863FBE00121F85 /* Release */,
			);
			defaultConfigurationIsVisible = 0;
			defaultConfigurationName = Release;
		};
		7669D8FF28863FBE00121F85 /* Build configuration list for PBXNativeTarget "NightHackTodoUITests" */ = {
			isa = XCConfigurationList;
			buildConfigurations = (
				7669D90028863FBE00121F85 /* Debug */,
				7669D90128863FBE00121F85 /* Release */,
			);
			defaultConfigurationIsVisible = 0;
			defaultConfigurationName = Release;
		};
/* End XCConfigurationList section */

/* Begin XCVersionGroup section */
		7669D8D828863FBA00121F85 /* NightHackTodo.xcdatamodeld */ = {
			isa = XCVersionGroup;
			children = (
				7669D8D928863FBA00121F85 /* NightHackTodo.xcdatamodel */,
			);
			currentVersion = 7669D8D928863FBA00121F85 /* NightHackTodo.xcdatamodel */;
			path = NightHackTodo.xcdatamodeld;
			sourceTree = "<group>";
			versionGroupType = wrapper.xcdatamodel;
		};
/* End XCVersionGroup section */
	};
	rootObject = 7669D8C428863FBA00121F85 /* Project object */;
}
